{
  "name": "css-feature-flags",
  "lockfileVersion": 2,
  "requires": true,
  "packages": {
    "": {
      "dependencies": {
        "@harnessio/ff-javascript-client-sdk": "^1.4.10",
        "dotenv": "^16.0.3"
      }
    },
    "node_modules/@harnessio/ff-javascript-client-sdk": {
      "version": "1.19.2",
      "resolved": "https://registry.npmjs.org/@harnessio/ff-javascript-client-sdk/-/ff-javascript-client-sdk-1.19.2.tgz",
      "integrity": "sha512-pHCchI2H2cCGuaBa5XhOB3p/Cy/o70TdZplfZwsm7hiIIEdoYOhxjWr9yuZ0RdGB7D40tAZD44sNVNf5krrtGg==",
      "dependencies": {
        "jwt-decode": "^3.1.2",
        "mitt": "^2.1.0"
      }
    },
    "node_modules/dotenv": {
      "version": "16.0.3",
      "resolved": "https://registry.npmjs.org/dotenv/-/dotenv-16.0.3.tgz",
      "integrity": "sha512-7GO6HghkA5fYG9TYnNxi14/7K9f5occMlp3zXAuSxn7CKCxt9xbNWG7yF8hTCSUchlfWSe3uLmlPfigevRItzQ==",
      "engines": {
        "node": ">=12"
      }
    },
    "node_modules/jwt-decode": {
      "version": "3.1.2",
      "resolved": "https://registry.npmjs.org/jwt-decode/-/jwt-decode-3.1.2.tgz",
      "integrity": "sha512-UfpWE/VZn0iP50d8cz9NrZLM9lSWhcJ+0Gt/nm4by88UL+J1SiKN8/5dkjMmbEzwL2CAe+67GsegCbIKtbp75A=="
    },
    "node_modules/mitt": {
      "version": "2.1.0",
      "resolved": "https://registry.npmjs.org/mitt/-/mitt-2.1.0.tgz",
      "integrity": "sha512-ILj2TpLiysu2wkBbWjAmww7TkZb65aiQO+DkVdUTBpBXq+MHYiETENkKFMtsJZX1Lf4pe4QOrTSjIfUwN5lRdg=="
    }
  },
  "dependencies": {
    "@harnessio/ff-javascript-client-sdk": {
      "version": "1.19.2",
      "resolved": "https://registry.npmjs.org/@harnessio/ff-javascript-client-sdk/-/ff-javascript-client-sdk-1.19.2.tgz",
      "integrity": "sha512-pHCchI2H2cCGuaBa5XhOB3p/Cy/o70TdZplfZwsm7hiIIEdoYOhxjWr9yuZ0RdGB7D40tAZD44sNVNf5krrtGg==",
      "requires": {
        "jwt-decode": "^3.1.2",
        "mitt": "^2.1.0"
      }
    },
    "dotenv": {
      "version": "16.0.3",
      "resolved": "https://registry.npmjs.org/dotenv/-/dotenv-16.0.3.tgz",
      "integrity": "sha512-7GO6HghkA5fYG9TYnNxi14/7K9f5occMlp3zXAuSxn7CKCxt9xbNWG7yF8hTCSUchlfWSe3uLmlPfigevRItzQ=="
    },
    "jwt-decode": {
      "version": "3.1.2",
      "resolved": "https://registry.npmjs.org/jwt-decode/-/jwt-decode-3.1.2.tgz",
      "integrity": "sha512-UfpWE/VZn0iP50d8cz9NrZLM9lSWhcJ+0Gt/nm4by88UL+J1SiKN8/5dkjMmbEzwL2CAe+67GsegCbIKtbp75A=="
    },
    "mitt": {
      "version": "2.1.0",
      "resolved": "https://registry.npmjs.org/mitt/-/mitt-2.1.0.tgz",
      "integrity": "sha512-ILj2TpLiysu2wkBbWjAmww7TkZb65aiQO+DkVdUTBpBXq+MHYiETENkKFMtsJZX1Lf4pe4QOrTSjIfUwN5lRdg=="
    }
  }
}
